
Microsoft Visual Studio Solution File, Format Version 12.00
# Visual Studio Version 17
VisualStudioVersion = 17.0.31825.309
MinimumVisualStudioVersion = 10.0.40219.1
Project("{9A19103F-16F7-4668-BE54-9A1E7A4F7556}") = "ConsoleApp", "ConsoleApp1\ConsoleApp.csproj", "{A2D3109A-C542-4C68-9964-887526D47665}"
EndProject
Project("{9A19103F-16F7-4668-BE54-9A1E7A4F7556}") = "Domain", "Domain\Domain.csproj", "{A4B50E41-2F4E-4DA9-905E-C28FC1D518A0}"
EndProject
Project("{9A19103F-16F7-4668-BE54-9A1E7A4F7556}") = "DataAccessLayer", "DataAccessLayer\DataAccessLayer.csproj", "{BBE10797-397D-462F-91AC-75DC5B3BDD9C}"
EndProject
Project("{9A19103F-16F7-4668-BE54-9A1E7A4F7556}") = "DependencyInjection", "DependencyInjection\DependencyInjection.csproj", "{8CE30963-6C65-462A-983F-A566F94B6610}"
EndProject
Project("{9A19103F-16F7-4668-BE54-9A1E7A4F7556}") = "AspMVC", "AspMVC\AspMVC.csproj", "{16758E0F-0B00-467F-8B0D-C9E16AFAF065}"
EndProject
Project("{FAE04EC0-301F-11D3-BF4B-00C04F79EFBC}") = "Pipeline", "Pipeline\Pipeline.csproj", "{C6E62CBE-4B6F-47D3-B3B8-EC7E68D23628}"
EndProject
Project("{FAE04EC0-301F-11D3-BF4B-00C04F79EFBC}") = "WebApp", "WebApp\WebApp.csproj", "{FDB26265-9452-4A90-85C9-62DC5872A473}"
EndProject
Global
	GlobalSection(SolutionConfigurationPlatforms) = preSolution
		Debug|Any CPU = Debug|Any CPU
		Release|Any CPU = Release|Any CPU
	EndGlobalSection
	GlobalSection(ProjectConfigurationPlatforms) = postSolution
		{A2D3109A-C542-4C68-9964-887526D47665}.Debug|Any CPU.ActiveCfg = Debug|Any CPU
		{A2D3109A-C542-4C68-9964-887526D47665}.Debug|Any CPU.Build.0 = Debug|Any CPU
		{A2D3109A-C542-4C68-9964-887526D47665}.Release|Any CPU.ActiveCfg = Release|Any CPU
		{A2D3109A-C542-4C68-9964-887526D47665}.Release|Any CPU.Build.0 = Release|Any CPU
		{A4B50E41-2F4E-4DA9-905E-C28FC1D518A0}.Debug|Any CPU.ActiveCfg = Debug|Any CPU
		{A4B50E41-2F4E-4DA9-905E-C28FC1D518A0}.Debug|Any CPU.Build.0 = Debug|Any CPU
		{A4B50E41-2F4E-4DA9-905E-C28FC1D518A0}.Release|Any CPU.ActiveCfg = Release|Any CPU
		{A4B50E41-2F4E-4DA9-905E-C28FC1D518A0}.Release|Any CPU.Build.0 = Release|Any CPU
		{BBE10797-397D-462F-91AC-75DC5B3BDD9C}.Debug|Any CPU.ActiveCfg = Debug|Any CPU
		{BBE10797-397D-462F-91AC-75DC5B3BDD9C}.Debug|Any CPU.Build.0 = Debug|Any CPU
		{BBE10797-397D-462F-91AC-75DC5B3BDD9C}.Release|Any CPU.ActiveCfg = Release|Any CPU
		{BBE10797-397D-462F-91AC-75DC5B3BDD9C}.Release|Any CPU.Build.0 = Release|Any CPU
		{8CE30963-6C65-462A-983F-A566F94B6610}.Debug|Any CPU.ActiveCfg = Debug|Any CPU
		{8CE30963-6C65-462A-983F-A566F94B6610}.Debug|Any CPU.Build.0 = Debug|Any CPU
		{8CE30963-6C65-462A-983F-A566F94B6610}.Release|Any CPU.ActiveCfg = Release|Any CPU
		{8CE30963-6C65-462A-983F-A566F94B6610}.Release|Any CPU.Build.0 = Release|Any CPU
		{16758E0F-0B00-467F-8B0D-C9E16AFAF065}.Debug|Any CPU.ActiveCfg = Debug|Any CPU
		{16758E0F-0B00-467F-8B0D-C9E16AFAF065}.Debug|Any CPU.Build.0 = Debug|Any CPU
		{16758E0F-0B00-467F-8B0D-C9E16AFAF065}.Release|Any CPU.ActiveCfg = Release|Any CPU
		{16758E0F-0B00-467F-8B0D-C9E16AFAF065}.Release|Any CPU.Build.0 = Release|Any CPU
		{C6E62CBE-4B6F-47D3-B3B8-EC7E68D23628}.Debug|Any CPU.ActiveCfg = Debug|Any CPU
		{C6E62CBE-4B6F-47D3-B3B8-EC7E68D23628}.Debug|Any CPU.Build.0 = Debug|Any CPU
		{C6E62CBE-4B6F-47D3-B3B8-EC7E68D23628}.Release|Any CPU.ActiveCfg = Release|Any CPU
		{C6E62CBE-4B6F-47D3-B3B8-EC7E68D23628}.Release|Any CPU.Build.0 = Release|Any CPU
		{FDB26265-9452-4A90-85C9-62DC5872A473}.Debug|Any CPU.ActiveCfg = Debug|Any CPU
		{FDB26265-9452-4A90-85C9-62DC5872A473}.Debug|Any CPU.Build.0 = Debug|Any CPU
		{FDB26265-9452-4A90-85C9-62DC5872A473}.Release|Any CPU.ActiveCfg = Release|Any CPU
		{FDB26265-9452-4A90-85C9-62DC5872A473}.Release|Any CPU.Build.0 = Release|Any CPU
	EndGlobalSection
	GlobalSection(SolutionProperties) = preSolution
		HideSolutionNode = FALSE
	EndGlobalSection
	GlobalSection(ExtensibilityGlobals) = postSolution
		SolutionGuid = {D54A9415-8416-48CB-97D6-62230B428D97}
	EndGlobalSection
EndGlobal
